
Microsoft Visual Studio Solution File, Format Version 12.00
# Visual Studio Version 16
VisualStudioVersion = 16.0.30503.244
MinimumVisualStudioVersion = 10.0.40219.1
Project("{FAE04EC0-301F-11D3-BF4B-00C04F79EFBC}") = "EmployeeDataBase", "EmployeeDataBase.csproj", "{7B443F2F-2F67-4839-A590-611F6EF988E3}"
EndProject
Global
	GlobalSection(SolutionConfigurationPlatforms) = preSolution
		Debug|Any CPU = Debug|Any CPU
		Release|Any CPU = Release|Any CPU
	EndGlobalSection
	GlobalSection(ProjectConfigurationPlatforms) = postSolution
		{7B443F2F-2F67-4839-A590-611F6EF988E3}.Debug|Any CPU.ActiveCfg = Debug|Any CPU
		{7B443F2F-2F67-4839-A590-611F6EF988E3}.Debug|Any CPU.Build.0 = Debug|Any CPU
		{7B443F2F-2F67-4839-A590-611F6EF988E3}.Release|Any CPU.ActiveCfg = Release|Any CPU
		{7B443F2F-2F67-4839-A590-611F6EF988E3}.Release|Any CPU.Build.0 = Release|Any CPU
	EndGlobalSection
	GlobalSection(SolutionProperties) = preSolution
		HideSolutionNode = FALSE
	EndGlobalSection
	GlobalSection(ExtensibilityGlobals) = postSolution
		SolutionGuid = {6891EA9C-5C52-4961-88CD-EB420ED0D3DC}
	EndGlobalSection
EndGlobal
