
Microsoft Visual Studio Solution File, Format Version 12.00
# Visual Studio Version 16
VisualStudioVersion = 16.0.30503.244
MinimumVisualStudioVersion = 10.0.40219.1
Project("{FAE04EC0-301F-11D3-BF4B-00C04F79EFBC}") = "WindowsFormsApp", "WindowsFormsApp\WindowsFormsApp.csproj", "{7B2A4541-3169-4F6A-A934-A5BA8DA668E5}"
EndProject
Global
	GlobalSection(SolutionConfigurationPlatforms) = preSolution
		Debug|Any CPU = Debug|Any CPU
		Release|Any CPU = Release|Any CPU
	EndGlobalSection
	GlobalSection(ProjectConfigurationPlatforms) = postSolution
		{7B2A4541-3169-4F6A-A934-A5BA8DA668E5}.Debug|Any CPU.ActiveCfg = Debug|Any CPU
		{7B2A4541-3169-4F6A-A934-A5BA8DA668E5}.Debug|Any CPU.Build.0 = Debug|Any CPU
		{7B2A4541-3169-4F6A-A934-A5BA8DA668E5}.Release|Any CPU.ActiveCfg = Release|Any CPU
		{7B2A4541-3169-4F6A-A934-A5BA8DA668E5}.Release|Any CPU.Build.0 = Release|Any CPU
	EndGlobalSection
	GlobalSection(SolutionProperties) = preSolution
		HideSolutionNode = FALSE
	EndGlobalSection
	GlobalSection(ExtensibilityGlobals) = postSolution
		SolutionGuid = {357655A9-AF77-436D-9055-D31D9917FCA1}
	EndGlobalSection
EndGlobal
